// !$*UTF8*$!
{
	archiveVersion = 1;
	classes = {
	};
	objectVersion = 50;
	objects = {

/* Begin PBXBuildFile section */
		04F3EE0F22980A6600BF0446 /* AppDelegate.swift in Sources */ = {isa = PBXBuildFile; fileRef = 04F3EE0E22980A6600BF0446 /* AppDelegate.swift */; };
		04F3EE1122980A6600BF0446 /* TasksListHomeViewController.swift in Sources */ = {isa = PBXBuildFile; fileRef = 04F3EE1022980A6600BF0446 /* TasksListHomeViewController.swift */; };
		04F3EE1422980A6600BF0446 /* TaskManager.storyboard in Resources */ = {isa = PBXBuildFile; fileRef = 04F3EE1222980A6600BF0446 /* TaskManager.storyboard */; };
		04F3EE1722980A6600BF0446 /* Task_Manager.xcdatamodeld in Sources */ = {isa = PBXBuildFile; fileRef = 04F3EE1522980A6600BF0446 /* Task_Manager.xcdatamodeld */; };
		04F3EE1922980A6B00BF0446 /* Assets.xcassets in Resources */ = {isa = PBXBuildFile; fileRef = 04F3EE1822980A6B00BF0446 /* Assets.xcassets */; };
		04F3EE1C22980A6B00BF0446 /* LaunchScreen.storyboard in Resources */ = {isa = PBXBuildFile; fileRef = 04F3EE1A22980A6B00BF0446 /* LaunchScreen.storyboard */; };
		04F3EE2B229813FD00BF0446 /* SystemColorsEnum.swift in Sources */ = {isa = PBXBuildFile; fileRef = 04F3EE2A229813FD00BF0446 /* SystemColorsEnum.swift */; };
		04F3EE2D22981AE600BF0446 /* Extensions+UIView.swift in Sources */ = {isa = PBXBuildFile; fileRef = 04F3EE2C22981AE600BF0446 /* Extensions+UIView.swift */; };
		04F3EE332298247700BF0446 /* ColorPickerPopupView.swift in Sources */ = {isa = PBXBuildFile; fileRef = 04F3EE322298247700BF0446 /* ColorPickerPopupView.swift */; };
		04F3EE352298248900BF0446 /* ColorPickerPopupView.xib in Resources */ = {isa = PBXBuildFile; fileRef = 04F3EE342298248900BF0446 /* ColorPickerPopupView.xib */; };
		04F3EE392298279900BF0446 /* ColorCollectionViewCell.swift in Sources */ = {isa = PBXBuildFile; fileRef = 04F3EE372298279900BF0446 /* ColorCollectionViewCell.swift */; };
		04F3EE3A2298279900BF0446 /* ColorCollectionViewCell.xib in Resources */ = {isa = PBXBuildFile; fileRef = 04F3EE382298279900BF0446 /* ColorCollectionViewCell.xib */; };
		04F3EE3C229827C600BF0446 /* Extensions+UICollectionViewCell.swift in Sources */ = {isa = PBXBuildFile; fileRef = 04F3EE3B229827C600BF0446 /* Extensions+UICollectionViewCell.swift */; };
		04F3EE3F2298320C00BF0446 /* RoundedShadowView.swift in Sources */ = {isa = PBXBuildFile; fileRef = 04F3EE3E2298320C00BF0446 /* RoundedShadowView.swift */; };
		04F3EE412298378A00BF0446 /* BaseViewController.swift in Sources */ = {isa = PBXBuildFile; fileRef = 04F3EE402298378A00BF0446 /* BaseViewController.swift */; };
		04F3EE4822983F4100BF0446 /* FlowManager.swift in Sources */ = {isa = PBXBuildFile; fileRef = 04F3EE4722983F4100BF0446 /* FlowManager.swift */; };
		04F3EE4C22984E1400BF0446 /* TaskTableViewCell.swift in Sources */ = {isa = PBXBuildFile; fileRef = 04F3EE4A22984E1400BF0446 /* TaskTableViewCell.swift */; };
		04F3EE4D22984E1400BF0446 /* TaskTableViewCell.xib in Resources */ = {isa = PBXBuildFile; fileRef = 04F3EE4B22984E1400BF0446 /* TaskTableViewCell.xib */; };
		04F3EE4F2298890900BF0446 /* RoundedBorderdTextField.swift in Sources */ = {isa = PBXBuildFile; fileRef = 04F3EE4E2298890900BF0446 /* RoundedBorderdTextField.swift */; };
		04F3EE5522988D7700BF0446 /* TypePickerViewController.swift in Sources */ = {isa = PBXBuildFile; fileRef = 04F3EE5222988D7600BF0446 /* TypePickerViewController.swift */; };
		04F3EE5622988D7700BF0446 /* DatePickerViewController.swift in Sources */ = {isa = PBXBuildFile; fileRef = 04F3EE5322988D7700BF0446 /* DatePickerViewController.swift */; };
		04F3EE5722988D7700BF0446 /* Picker.storyboard in Resources */ = {isa = PBXBuildFile; fileRef = 04F3EE5422988D7700BF0446 /* Picker.storyboard */; };
		04F3EE5922988E4D00BF0446 /* RoundedShadowButton.swift in Sources */ = {isa = PBXBuildFile; fileRef = 04F3EE5822988E4D00BF0446 /* RoundedShadowButton.swift */; };
		04F3EE5E22989C2700BF0446 /* TaskAddUpdateViewController.swift in Sources */ = {isa = PBXBuildFile; fileRef = 04F3EE5D22989C2700BF0446 /* TaskAddUpdateViewController.swift */; };
/* End PBXBuildFile section */

/* Begin PBXFileReference section */
		04F3EE0B22980A6600BF0446 /* Task Manager.app */ = {isa = PBXFileReference; explicitFileType = wrapper.application; includeInIndex = 0; path = "Task Manager.app"; sourceTree = BUILT_PRODUCTS_DIR; };
		04F3EE0E22980A6600BF0446 /* AppDelegate.swift */ = {isa = PBXFileReference; lastKnownFileType = sourcecode.swift; path = AppDelegate.swift; sourceTree = "<group>"; };
		04F3EE1022980A6600BF0446 /* TasksListHomeViewController.swift */ = {isa = PBXFileReference; lastKnownFileType = sourcecode.swift; path = TasksListHomeViewController.swift; sourceTree = "<group>"; };
		04F3EE1322980A6600BF0446 /* Base */ = {isa = PBXFileReference; lastKnownFileType = file.storyboard; name = Base; path = Base.lproj/TaskManager.storyboard; sourceTree = "<group>"; };
		04F3EE1622980A6600BF0446 /* Task_Manager.xcdatamodel */ = {isa = PBXFileReference; lastKnownFileType = wrapper.xcdatamodel; path = Task_Manager.xcdatamodel; sourceTree = "<group>"; };
		04F3EE1822980A6B00BF0446 /* Assets.xcassets */ = {isa = PBXFileReference; lastKnownFileType = folder.assetcatalog; path = Assets.xcassets; sourceTree = "<group>"; };
		04F3EE1B22980A6B00BF0446 /* Base */ = {isa = PBXFileReference; lastKnownFileType = file.storyboard; name = Base; path = Base.lproj/LaunchScreen.storyboard; sourceTree = "<group>"; };
		04F3EE1D22980A6B00BF0446 /* Info.plist */ = {isa = PBXFileReference; lastKnownFileType = text.plist.xml; path = Info.plist; sourceTree = "<group>"; };
		04F3EE2A229813FD00BF0446 /* SystemColorsEnum.swift */ = {isa = PBXFileReference; lastKnownFileType = sourcecode.swift; path = SystemColorsEnum.swift; sourceTree = "<group>"; };
		04F3EE2C22981AE600BF0446 /* Extensions+UIView.swift */ = {isa = PBXFileReference; fileEncoding = 4; lastKnownFileType = sourcecode.swift; path = "Extensions+UIView.swift"; sourceTree = "<group>"; };
		04F3EE322298247700BF0446 /* ColorPickerPopupView.swift */ = {isa = PBXFileReference; lastKnownFileType = sourcecode.swift; path = ColorPickerPopupView.swift; sourceTree = "<group>"; };
		04F3EE342298248900BF0446 /* ColorPickerPopupView.xib */ = {isa = PBXFileReference; lastKnownFileType = file.xib; path = ColorPickerPopupView.xib; sourceTree = "<group>"; };
		04F3EE372298279900BF0446 /* ColorCollectionViewCell.swift */ = {isa = PBXFileReference; lastKnownFileType = sourcecode.swift; path = ColorCollectionViewCell.swift; sourceTree = "<group>"; };
		04F3EE382298279900BF0446 /* ColorCollectionViewCell.xib */ = {isa = PBXFileReference; lastKnownFileType = file.xib; path = ColorCollectionViewCell.xib; sourceTree = "<group>"; };
		04F3EE3B229827C600BF0446 /* Extensions+UICollectionViewCell.swift */ = {isa = PBXFileReference; lastKnownFileType = sourcecode.swift; path = "Extensions+UICollectionViewCell.swift"; sourceTree = "<group>"; };
		04F3EE3E2298320C00BF0446 /* RoundedShadowView.swift */ = {isa = PBXFileReference; lastKnownFileType = sourcecode.swift; path = RoundedShadowView.swift; sourceTree = "<group>"; };
		04F3EE402298378A00BF0446 /* BaseViewController.swift */ = {isa = PBXFileReference; lastKnownFileType = sourcecode.swift; path = BaseViewController.swift; sourceTree = "<group>"; };
		04F3EE4722983F4100BF0446 /* FlowManager.swift */ = {isa = PBXFileReference; fileEncoding = 4; lastKnownFileType = sourcecode.swift; path = FlowManager.swift; sourceTree = "<group>"; };
		04F3EE4A22984E1400BF0446 /* TaskTableViewCell.swift */ = {isa = PBXFileReference; lastKnownFileType = sourcecode.swift; path = TaskTableViewCell.swift; sourceTree = "<group>"; };
		04F3EE4B22984E1400BF0446 /* TaskTableViewCell.xib */ = {isa = PBXFileReference; lastKnownFileType = file.xib; path = TaskTableViewCell.xib; sourceTree = "<group>"; };
		04F3EE4E2298890900BF0446 /* RoundedBorderdTextField.swift */ = {isa = PBXFileReference; lastKnownFileType = sourcecode.swift; path = RoundedBorderdTextField.swift; sourceTree = "<group>"; };
		04F3EE5222988D7600BF0446 /* TypePickerViewController.swift */ = {isa = PBXFileReference; fileEncoding = 4; lastKnownFileType = sourcecode.swift; path = TypePickerViewController.swift; sourceTree = "<group>"; };
		04F3EE5322988D7700BF0446 /* DatePickerViewController.swift */ = {isa = PBXFileReference; fileEncoding = 4; lastKnownFileType = sourcecode.swift; path = DatePickerViewController.swift; sourceTree = "<group>"; };
		04F3EE5422988D7700BF0446 /* Picker.storyboard */ = {isa = PBXFileReference; fileEncoding = 4; lastKnownFileType = file.storyboard; path = Picker.storyboard; sourceTree = "<group>"; };
		04F3EE5822988E4D00BF0446 /* RoundedShadowButton.swift */ = {isa = PBXFileReference; lastKnownFileType = sourcecode.swift; path = RoundedShadowButton.swift; sourceTree = "<group>"; };
		04F3EE5D22989C2700BF0446 /* TaskAddUpdateViewController.swift */ = {isa = PBXFileReference; lastKnownFileType = sourcecode.swift; path = TaskAddUpdateViewController.swift; sourceTree = "<group>"; };
/* End PBXFileReference section */

/* Begin PBXFrameworksBuildPhase section */
		04F3EE0822980A6600BF0446 /* Frameworks */ = {
			isa = PBXFrameworksBuildPhase;
			buildActionMask = 2147483647;
			files = (
			);
			runOnlyForDeploymentPostprocessing = 0;
		};
/* End PBXFrameworksBuildPhase section */

/* Begin PBXGroup section */
		04F3EE0222980A6500BF0446 = {
			isa = PBXGroup;
			children = (
				04F3EE0D22980A6600BF0446 /* Task Manager */,
				04F3EE0C22980A6600BF0446 /* Products */,
			);
			sourceTree = "<group>";
		};
		04F3EE0C22980A6600BF0446 /* Products */ = {
			isa = PBXGroup;
			children = (
				04F3EE0B22980A6600BF0446 /* Task Manager.app */,
			);
			name = Products;
			sourceTree = "<group>";
		};
		04F3EE0D22980A6600BF0446 /* Task Manager */ = {
			isa = PBXGroup;
			children = (
				04F3EE4422983D5300BF0446 /* AppDelegate */,
				04F3EE2822980F5C00BF0446 /* Info List & Launch Screen */,
				04F3EE2622980EBC00BF0446 /* Components */,
				04F3EE2522980EB600BF0446 /* Helpers */,
				04F3EE2422980EAE00BF0446 /* Resources */,
				04F3EE29229813E900BF0446 /* Models */,
				04F3EE2322980E6A00BF0446 /* Modules */,
				04F3EE1522980A6600BF0446 /* Task_Manager.xcdatamodeld */,
			);
			path = "Task Manager";
			sourceTree = "<group>";
		};
		04F3EE2322980E6A00BF0446 /* Modules */ = {
			isa = PBXGroup;
			children = (
				04F3EE4322983D0D00BF0446 /* TaskManager */,
				04F3EE4222983B2F00BF0446 /* BaseViewController */,
			);
			path = Modules;
			sourceTree = "<group>";
		};
		04F3EE2422980EAE00BF0446 /* Resources */ = {
			isa = PBXGroup;
			children = (
				04F3EE1822980A6B00BF0446 /* Assets.xcassets */,
			);
			path = Resources;
			sourceTree = "<group>";
		};
		04F3EE2522980EB600BF0446 /* Helpers */ = {
			isa = PBXGroup;
			children = (
				04F3EE4622983F2D00BF0446 /* Managers */,
				04F3EE3D2298320100BF0446 /* Views */,
				04F3EE2E22981AEA00BF0446 /* Extensions */,
			);
			path = Helpers;
			sourceTree = "<group>";
		};
		04F3EE2622980EBC00BF0446 /* Components */ = {
			isa = PBXGroup;
			children = (
				04F3EE5022988D6000BF0446 /* Pickers */,
			);
			path = Components;
			sourceTree = "<group>";
		};
		04F3EE2822980F5C00BF0446 /* Info List & Launch Screen */ = {
			isa = PBXGroup;
			children = (
				04F3EE1D22980A6B00BF0446 /* Info.plist */,
				04F3EE1A22980A6B00BF0446 /* LaunchScreen.storyboard */,
			);
			path = "Info List & Launch Screen";
			sourceTree = "<group>";
		};
		04F3EE29229813E900BF0446 /* Models */ = {
			isa = PBXGroup;
			children = (
				04F3EE2A229813FD00BF0446 /* SystemColorsEnum.swift */,
			);
			path = Models;
			sourceTree = "<group>";
		};
		04F3EE2E22981AEA00BF0446 /* Extensions */ = {
			isa = PBXGroup;
			children = (
				04F3EE2C22981AE600BF0446 /* Extensions+UIView.swift */,
				04F3EE3B229827C600BF0446 /* Extensions+UICollectionViewCell.swift */,
			);
			path = Extensions;
			sourceTree = "<group>";
		};
		04F3EE312298244700BF0446 /* ColorPickerPopup */ = {
			isa = PBXGroup;
			children = (
				04F3EE362298277800BF0446 /* ColorCollectionViewCell */,
				04F3EE322298247700BF0446 /* ColorPickerPopupView.swift */,
				04F3EE342298248900BF0446 /* ColorPickerPopupView.xib */,
			);
			path = ColorPickerPopup;
			sourceTree = "<group>";
		};
		04F3EE362298277800BF0446 /* ColorCollectionViewCell */ = {
			isa = PBXGroup;
			children = (
				04F3EE372298279900BF0446 /* ColorCollectionViewCell.swift */,
				04F3EE382298279900BF0446 /* ColorCollectionViewCell.xib */,
			);
			path = ColorCollectionViewCell;
			sourceTree = "<group>";
		};
		04F3EE3D2298320100BF0446 /* Views */ = {
			isa = PBXGroup;
			children = (
				04F3EE3E2298320C00BF0446 /* RoundedShadowView.swift */,
				04F3EE4E2298890900BF0446 /* RoundedBorderdTextField.swift */,
				04F3EE5822988E4D00BF0446 /* RoundedShadowButton.swift */,
			);
			path = Views;
			sourceTree = "<group>";
		};
		04F3EE4222983B2F00BF0446 /* BaseViewController */ = {
			isa = PBXGroup;
			children = (
				04F3EE402298378A00BF0446 /* BaseViewController.swift */,
			);
			path = BaseViewController;
			sourceTree = "<group>";
		};
		04F3EE4322983D0D00BF0446 /* TaskManager */ = {
			isa = PBXGroup;
			children = (
				04F3EE5A22989BE900BF0446 /* TaskAddUpdateViewController */,
				04F3EE4522983DC600BF0446 /* TasksListHomeViewController */,
				04F3EE1222980A6600BF0446 /* TaskManager.storyboard */,
			);
			path = TaskManager;
			sourceTree = "<group>";
		};
		04F3EE4422983D5300BF0446 /* AppDelegate */ = {
			isa = PBXGroup;
			children = (
				04F3EE0E22980A6600BF0446 /* AppDelegate.swift */,
			);
			path = AppDelegate;
			sourceTree = "<group>";
		};
		04F3EE4522983DC600BF0446 /* TasksListHomeViewController */ = {
			isa = PBXGroup;
			children = (
				04F3EE4922984DDF00BF0446 /* TaskTableViewCell */,
				04F3EE1022980A6600BF0446 /* TasksListHomeViewController.swift */,
			);
			path = TasksListHomeViewController;
			sourceTree = "<group>";
		};
		04F3EE4622983F2D00BF0446 /* Managers */ = {
			isa = PBXGroup;
			children = (
				04F3EE4722983F4100BF0446 /* FlowManager.swift */,
			);
			path = Managers;
			sourceTree = "<group>";
		};
		04F3EE4922984DDF00BF0446 /* TaskTableViewCell */ = {
			isa = PBXGroup;
			children = (
				04F3EE4A22984E1400BF0446 /* TaskTableViewCell.swift */,
				04F3EE4B22984E1400BF0446 /* TaskTableViewCell.xib */,
			);
			path = TaskTableViewCell;
			sourceTree = "<group>";
		};
		04F3EE5022988D6000BF0446 /* Pickers */ = {
			isa = PBXGroup;
			children = (
				04F3EE5122988D6600BF0446 /* DateAndTypePicker */,
				04F3EE312298244700BF0446 /* ColorPickerPopup */,
			);
			path = Pickers;
			sourceTree = "<group>";
		};
		04F3EE5122988D6600BF0446 /* DateAndTypePicker */ = {
			isa = PBXGroup;
			children = (
				04F3EE5322988D7700BF0446 /* DatePickerViewController.swift */,
				04F3EE5422988D7700BF0446 /* Picker.storyboard */,
				04F3EE5222988D7600BF0446 /* TypePickerViewController.swift */,
			);
			path = DateAndTypePicker;
			sourceTree = "<group>";
		};
		04F3EE5A22989BE900BF0446 /* TaskAddUpdateViewController */ = {
			isa = PBXGroup;
			children = (
				04F3EE5D22989C2700BF0446 /* TaskAddUpdateViewController.swift */,
			);
			path = TaskAddUpdateViewController;
			sourceTree = "<group>";
		};
/* End PBXGroup section */

/* Begin PBXNativeTarget section */
		04F3EE0A22980A6600BF0446 /* Task Manager */ = {
			isa = PBXNativeTarget;
			buildConfigurationList = 04F3EE2022980A6B00BF0446 /* Build configuration list for PBXNativeTarget "Task Manager" */;
			buildPhases = (
				04F3EE0722980A6600BF0446 /* Sources */,
				04F3EE0822980A6600BF0446 /* Frameworks */,
				04F3EE0922980A6600BF0446 /* Resources */,
			);
			buildRules = (
			);
			dependencies = (
			);
			name = "Task Manager";
			productName = "Task Manager";
			productReference = 04F3EE0B22980A6600BF0446 /* Task Manager.app */;
			productType = "com.apple.product-type.application";
		};
/* End PBXNativeTarget section */

/* Begin PBXProject section */
		04F3EE0322980A6600BF0446 /* Project object */ = {
			isa = PBXProject;
			attributes = {
				LastSwiftUpdateCheck = 1010;
				LastUpgradeCheck = 1010;
				ORGANIZATIONNAME = Bassyouni;
				TargetAttributes = {
					04F3EE0A22980A6600BF0446 = {
						CreatedOnToolsVersion = 10.1;
					};
				};
			};
			buildConfigurationList = 04F3EE0622980A6600BF0446 /* Build configuration list for PBXProject "Task Manager" */;
			compatibilityVersion = "Xcode 9.3";
			developmentRegion = en;
			hasScannedForEncodings = 0;
			knownRegions = (
				en,
				Base,
			);
			mainGroup = 04F3EE0222980A6500BF0446;
			productRefGroup = 04F3EE0C22980A6600BF0446 /* Products */;
			projectDirPath = "";
			projectRoot = "";
			targets = (
				04F3EE0A22980A6600BF0446 /* Task Manager */,
			);
		};
/* End PBXProject section */

/* Begin PBXResourcesBuildPhase section */
		04F3EE0922980A6600BF0446 /* Resources */ = {
			isa = PBXResourcesBuildPhase;
			buildActionMask = 2147483647;
			files = (
				04F3EE4D22984E1400BF0446 /* TaskTableViewCell.xib in Resources */,
				04F3EE1C22980A6B00BF0446 /* LaunchScreen.storyboard in Resources */,
				04F3EE1922980A6B00BF0446 /* Assets.xcassets in Resources */,
				04F3EE3A2298279900BF0446 /* ColorCollectionViewCell.xib in Resources */,
				04F3EE352298248900BF0446 /* ColorPickerPopupView.xib in Resources */,
				04F3EE1422980A6600BF0446 /* TaskManager.storyboard in Resources */,
				04F3EE5722988D7700BF0446 /* Picker.storyboard in Resources */,
			);
			runOnlyForDeploymentPostprocessing = 0;
		};
/* End PBXResourcesBuildPhase section */

/* Begin PBXSourcesBuildPhase section */
		04F3EE0722980A6600BF0446 /* Sources */ = {
			isa = PBXSourcesBuildPhase;
			buildActionMask = 2147483647;
			files = (
				04F3EE1122980A6600BF0446 /* TasksListHomeViewController.swift in Sources */,
				04F3EE412298378A00BF0446 /* BaseViewController.swift in Sources */,
				04F3EE5522988D7700BF0446 /* TypePickerViewController.swift in Sources */,
				04F3EE3F2298320C00BF0446 /* RoundedShadowView.swift in Sources */,
				04F3EE2B229813FD00BF0446 /* SystemColorsEnum.swift in Sources */,
				04F3EE0F22980A6600BF0446 /* AppDelegate.swift in Sources */,
				04F3EE1722980A6600BF0446 /* Task_Manager.xcdatamodeld in Sources */,
				04F3EE5E22989C2700BF0446 /* TaskAddUpdateViewController.swift in Sources */,
				04F3EE5922988E4D00BF0446 /* RoundedShadowButton.swift in Sources */,
				04F3EE4F2298890900BF0446 /* RoundedBorderdTextField.swift in Sources */,
				04F3EE2D22981AE600BF0446 /* Extensions+UIView.swift in Sources */,
				04F3EE3C229827C600BF0446 /* Extensions+UICollectionViewCell.swift in Sources */,
				04F3EE4C22984E1400BF0446 /* TaskTableViewCell.swift in Sources */,
				04F3EE5622988D7700BF0446 /* DatePickerViewController.swift in Sources */,
				04F3EE4822983F4100BF0446 /* FlowManager.swift in Sources */,
				04F3EE392298279900BF0446 /* ColorCollectionViewCell.swift in Sources */,
				04F3EE332298247700BF0446 /* ColorPickerPopupView.swift in Sources */,
			);
			runOnlyForDeploymentPostprocessing = 0;
		};
/* End PBXSourcesBuildPhase section */

/* Begin PBXVariantGroup section */
		04F3EE1222980A6600BF0446 /* TaskManager.storyboard */ = {
			isa = PBXVariantGroup;
			children = (
				04F3EE1322980A6600BF0446 /* Base */,
			);
			name = TaskManager.storyboard;
			sourceTree = "<group>";
		};
		04F3EE1A22980A6B00BF0446 /* LaunchScreen.storyboard */ = {
			isa = PBXVariantGroup;
			children = (
				04F3EE1B22980A6B00BF0446 /* Base */,
			);
			name = LaunchScreen.storyboard;
			sourceTree = "<group>";
		};
/* End PBXVariantGroup section */

/* Begin XCBuildConfiguration section */
		04F3EE1E22980A6B00BF0446 /* Debug */ = {
			isa = XCBuildConfiguration;
			buildSettings = {
				ALWAYS_SEARCH_USER_PATHS = NO;
				CLANG_ANALYZER_NONNULL = YES;
				CLANG_ANALYZER_NUMBER_OBJECT_CONVERSION = YES_AGGRESSIVE;
				CLANG_CXX_LANGUAGE_STANDARD = "gnu++14";
				CLANG_CXX_LIBRARY = "libc++";
				CLANG_ENABLE_MODULES = YES;
				CLANG_ENABLE_OBJC_ARC = YES;
				CLANG_ENABLE_OBJC_WEAK = YES;
				CLANG_WARN_BLOCK_CAPTURE_AUTORELEASING = YES;
				CLANG_WARN_BOOL_CONVERSION = YES;
				CLANG_WARN_COMMA = YES;
				CLANG_WARN_CONSTANT_CONVERSION = YES;
				CLANG_WARN_DEPRECATED_OBJC_IMPLEMENTATIONS = YES;
				CLANG_WARN_DIRECT_OBJC_ISA_USAGE = YES_ERROR;
				CLANG_WARN_DOCUMENTATION_COMMENTS = YES;
				CLANG_WARN_EMPTY_BODY = YES;
				CLANG_WARN_ENUM_CONVERSION = YES;
				CLANG_WARN_INFINITE_RECURSION = YES;
				CLANG_WARN_INT_CONVERSION = YES;
				CLANG_WARN_NON_LITERAL_NULL_CONVERSION = YES;
				CLANG_WARN_OBJC_IMPLICIT_RETAIN_SELF = YES;
				CLANG_WARN_OBJC_LITERAL_CONVERSION = YES;
				CLANG_WARN_OBJC_ROOT_CLASS = YES_ERROR;
				CLANG_WARN_RANGE_LOOP_ANALYSIS = YES;
				CLANG_WARN_STRICT_PROTOTYPES = YES;
				CLANG_WARN_SUSPICIOUS_MOVE = YES;
				CLANG_WARN_UNGUARDED_AVAILABILITY = YES_AGGRESSIVE;
				CLANG_WARN_UNREACHABLE_CODE = YES;
				CLANG_WARN__DUPLICATE_METHOD_MATCH = YES;
				CODE_SIGN_IDENTITY = "iPhone Developer";
				COPY_PHASE_STRIP = NO;
				DEBUG_INFORMATION_FORMAT = dwarf;
				ENABLE_STRICT_OBJC_MSGSEND = YES;
				ENABLE_TESTABILITY = YES;
				GCC_C_LANGUAGE_STANDARD = gnu11;
				GCC_DYNAMIC_NO_PIC = NO;
				GCC_NO_COMMON_BLOCKS = YES;
				GCC_OPTIMIZATION_LEVEL = 0;
				GCC_PREPROCESSOR_DEFINITIONS = (
					"DEBUG=1",
					"$(inherited)",
				);
				GCC_WARN_64_TO_32_BIT_CONVERSION = YES;
				GCC_WARN_ABOUT_RETURN_TYPE = YES_ERROR;
				GCC_WARN_UNDECLARED_SELECTOR = YES;
				GCC_WARN_UNINITIALIZED_AUTOS = YES_AGGRESSIVE;
				GCC_WARN_UNUSED_FUNCTION = YES;
				GCC_WARN_UNUSED_VARIABLE = YES;
				IPHONEOS_DEPLOYMENT_TARGET = 12.1;
				MTL_ENABLE_DEBUG_INFO = INCLUDE_SOURCE;
				MTL_FAST_MATH = YES;
				ONLY_ACTIVE_ARCH = YES;
				SDKROOT = iphoneos;
				SWIFT_ACTIVE_COMPILATION_CONDITIONS = DEBUG;
				SWIFT_OPTIMIZATION_LEVEL = "-Onone";
			};
			name = Debug;
		};
		04F3EE1F22980A6B00BF0446 /* Release */ = {
			isa = XCBuildConfiguration;
			buildSettings = {
				ALWAYS_SEARCH_USER_PATHS = NO;
				CLANG_ANALYZER_NONNULL = YES;
				CLANG_ANALYZER_NUMBER_OBJECT_CONVERSION = YES_AGGRESSIVE;
				CLANG_CXX_LANGUAGE_STANDARD = "gnu++14";
				CLANG_CXX_LIBRARY = "libc++";
				CLANG_ENABLE_MODULES = YES;
				CLANG_ENABLE_OBJC_ARC = YES;
				CLANG_ENABLE_OBJC_WEAK = YES;
				CLANG_WARN_BLOCK_CAPTURE_AUTORELEASING = YES;
				CLANG_WARN_BOOL_CONVERSION = YES;
				CLANG_WARN_COMMA = YES;
				CLANG_WARN_CONSTANT_CONVERSION = YES;
				CLANG_WARN_DEPRECATED_OBJC_IMPLEMENTATIONS = YES;
				CLANG_WARN_DIRECT_OBJC_ISA_USAGE = YES_ERROR;
				CLANG_WARN_DOCUMENTATION_COMMENTS = YES;
				CLANG_WARN_EMPTY_BODY = YES;
				CLANG_WARN_ENUM_CONVERSION = YES;
				CLANG_WARN_INFINITE_RECURSION = YES;
				CLANG_WARN_INT_CONVERSION = YES;
				CLANG_WARN_NON_LITERAL_NULL_CONVERSION = YES;
				CLANG_WARN_OBJC_IMPLICIT_RETAIN_SELF = YES;
				CLANG_WARN_OBJC_LITERAL_CONVERSION = YES;
				CLANG_WARN_OBJC_ROOT_CLASS = YES_ERROR;
				CLANG_WARN_RANGE_LOOP_ANALYSIS = YES;
				CLANG_WARN_STRICT_PROTOTYPES = YES;
				CLANG_WARN_SUSPICIOUS_MOVE = YES;
				CLANG_WARN_UNGUARDED_AVAILABILITY = YES_AGGRESSIVE;
				CLANG_WARN_UNREACHABLE_CODE = YES;
				CLANG_WARN__DUPLICATE_METHOD_MATCH = YES;
				CODE_SIGN_IDENTITY = "iPhone Developer";
				COPY_PHASE_STRIP = NO;
				DEBUG_INFORMATION_FORMAT = "dwarf-with-dsym";
				ENABLE_NS_ASSERTIONS = NO;
				ENABLE_STRICT_OBJC_MSGSEND = YES;
				GCC_C_LANGUAGE_STANDARD = gnu11;
				GCC_NO_COMMON_BLOCKS = YES;
				GCC_WARN_64_TO_32_BIT_CONVERSION = YES;
				GCC_WARN_ABOUT_RETURN_TYPE = YES_ERROR;
				GCC_WARN_UNDECLARED_SELECTOR = YES;
				GCC_WARN_UNINITIALIZED_AUTOS = YES_AGGRESSIVE;
				GCC_WARN_UNUSED_FUNCTION = YES;
				GCC_WARN_UNUSED_VARIABLE = YES;
				IPHONEOS_DEPLOYMENT_TARGET = 12.1;
				MTL_ENABLE_DEBUG_INFO = NO;
				MTL_FAST_MATH = YES;
				SDKROOT = iphoneos;
				SWIFT_COMPILATION_MODE = wholemodule;
				SWIFT_OPTIMIZATION_LEVEL = "-O";
				VALIDATE_PRODUCT = YES;
			};
			name = Release;
		};
		04F3EE2122980A6B00BF0446 /* Debug */ = {
			isa = XCBuildConfiguration;
			buildSettings = {
				ASSETCATALOG_COMPILER_APPICON_NAME = AppIcon;
				CODE_SIGN_STYLE = Automatic;
				DEVELOPMENT_TEAM = D9LQB3WD6M;
				INFOPLIST_FILE = "$(SRCROOT)/Task Manager/Info List & Launch Screen/Info.plist";
				IPHONEOS_DEPLOYMENT_TARGET = 11.0;
				LD_RUNPATH_SEARCH_PATHS = (
					"$(inherited)",
					"@executable_path/Frameworks",
				);
				PRODUCT_BUNDLE_IDENTIFIER = "com.bassyouni.Task-Manager";
				PRODUCT_NAME = "$(TARGET_NAME)";
				SWIFT_VERSION = 4.2;
				TARGETED_DEVICE_FAMILY = "1,2";
			};
			name = Debug;
		};
		04F3EE2222980A6B00BF0446 /* Release */ = {
			isa = XCBuildConfiguration;
			buildSettings = {
				ASSETCATALOG_COMPILER_APPICON_NAME = AppIcon;
				CODE_SIGN_STYLE = Automatic;
				DEVELOPMENT_TEAM = D9LQB3WD6M;
				INFOPLIST_FILE = "$(SRCROOT)/Task Manager/Info List & Launch Screen/Info.plist";
				IPHONEOS_DEPLOYMENT_TARGET = 11.0;
				LD_RUNPATH_SEARCH_PATHS = (
					"$(inherited)",
					"@executable_path/Frameworks",
				);
				PRODUCT_BUNDLE_IDENTIFIER = "com.bassyouni.Task-Manager";
				PRODUCT_NAME = "$(TARGET_NAME)";
				SWIFT_VERSION = 4.2;
				TARGETED_DEVICE_FAMILY = "1,2";
			};
			name = Release;
		};
/* End XCBuildConfiguration section */

/* Begin XCConfigurationList section */
		04F3EE0622980A6600BF0446 /* Build configuration list for PBXProject "Task Manager" */ = {
			isa = XCConfigurationList;
			buildConfigurations = (
				04F3EE1E22980A6B00BF0446 /* Debug */,
				04F3EE1F22980A6B00BF0446 /* Release */,
			);
			defaultConfigurationIsVisible = 0;
			defaultConfigurationName = Release;
		};
		04F3EE2022980A6B00BF0446 /* Build configuration list for PBXNativeTarget "Task Manager" */ = {
			isa = XCConfigurationList;
			buildConfigurations = (
				04F3EE2122980A6B00BF0446 /* Debug */,
				04F3EE2222980A6B00BF0446 /* Release */,
			);
			defaultConfigurationIsVisible = 0;
			defaultConfigurationName = Release;
		};
/* End XCConfigurationList section */

/* Begin XCVersionGroup section */
		04F3EE1522980A6600BF0446 /* Task_Manager.xcdatamodeld */ = {
			isa = XCVersionGroup;
			children = (
				04F3EE1622980A6600BF0446 /* Task_Manager.xcdatamodel */,
			);
			currentVersion = 04F3EE1622980A6600BF0446 /* Task_Manager.xcdatamodel */;
			path = Task_Manager.xcdatamodeld;
			sourceTree = "<group>";
			versionGroupType = wrapper.xcdatamodel;
		};
/* End XCVersionGroup section */
	};
	rootObject = 04F3EE0322980A6600BF0446 /* Project object */;
}
